// !$*UTF8*$!
{
	archiveVersion = 1;
	classes = {
	};
	objectVersion = 56;
	objects = {

/* Begin PBXBuildFile section */
		E68CB1412B028A3000C4811F /* AppDelegate.swift in Sources */ = {isa = PBXBuildFile; fileRef = E68CB1402B028A3000C4811F /* AppDelegate.swift */; };
		E68CB1432B028A3000C4811F /* SceneDelegate.swift in Sources */ = {isa = PBXBuildFile; fileRef = E68CB1422B028A3000C4811F /* SceneDelegate.swift */; };
		E68CB1452B028A3000C4811F /* ViewController.swift in Sources */ = {isa = PBXBuildFile; fileRef = E68CB1442B028A3000C4811F /* ViewController.swift */; };
		E68CB1482B028A3000C4811F /* Main.storyboard in Resources */ = {isa = PBXBuildFile; fileRef = E68CB1462B028A3000C4811F /* Main.storyboard */; };
		E68CB14A2B028A3200C4811F /* Assets.xcassets in Resources */ = {isa = PBXBuildFile; fileRef = E68CB1492B028A3200C4811F /* Assets.xcassets */; };
		E68CB14D2B028A3200C4811F /* LaunchScreen.storyboard in Resources */ = {isa = PBXBuildFile; fileRef = E68CB14B2B028A3200C4811F /* LaunchScreen.storyboard */; };
		E6B11B9B2B140EB200EA5B46 /* GifLoader.swift in Sources */ = {isa = PBXBuildFile; fileRef = E6B11B9A2B140EB200EA5B46 /* GifLoader.swift */; };
		E6B11B9F2B1412D900EA5B46 /* fire-51.gif in Resources */ = {isa = PBXBuildFile; fileRef = E6B11B9E2B1412D900EA5B46 /* fire-51.gif */; };
		E6B11BA12B14181F00EA5B46 /* ViewController2.swift in Sources */ = {isa = PBXBuildFile; fileRef = E6B11BA02B14181F00EA5B46 /* ViewController2.swift */; };
		E6B11BA32B14197400EA5B46 /* fire-102.gif in Resources */ = {isa = PBXBuildFile; fileRef = E6B11BA22B14197400EA5B46 /* fire-102.gif */; };
/* End PBXBuildFile section */

/* Begin PBXFileReference section */
		E68CB13D2B028A3000C4811F /* 2023_11_13_appSuperGame1.app */ = {isa = PBXFileReference; explicitFileType = wrapper.application; includeInIndex = 0; path = 2023_11_13_appSuperGame1.app; sourceTree = BUILT_PRODUCTS_DIR; };
		E68CB1402B028A3000C4811F /* AppDelegate.swift */ = {isa = PBXFileReference; lastKnownFileType = sourcecode.swift; path = AppDelegate.swift; sourceTree = "<group>"; };
		E68CB1422B028A3000C4811F /* SceneDelegate.swift */ = {isa = PBXFileReference; lastKnownFileType = sourcecode.swift; path = SceneDelegate.swift; sourceTree = "<group>"; };
		E68CB1442B028A3000C4811F /* ViewController.swift */ = {isa = PBXFileReference; lastKnownFileType = sourcecode.swift; path = ViewController.swift; sourceTree = "<group>"; };
		E68CB1472B028A3000C4811F /* Base */ = {isa = PBXFileReference; lastKnownFileType = file.storyboard; name = Base; path = Base.lproj/Main.storyboard; sourceTree = "<group>"; };
		E68CB1492B028A3200C4811F /* Assets.xcassets */ = {isa = PBXFileReference; lastKnownFileType = folder.assetcatalog; path = Assets.xcassets; sourceTree = "<group>"; };
		E68CB14C2B028A3200C4811F /* Base */ = {isa = PBXFileReference; lastKnownFileType = file.storyboard; name = Base; path = Base.lproj/LaunchScreen.storyboard; sourceTree = "<group>"; };
		E68CB14E2B028A3200C4811F /* Info.plist */ = {isa = PBXFileReference; lastKnownFileType = text.plist.xml; path = Info.plist; sourceTree = "<group>"; };
		E6B11B9A2B140EB200EA5B46 /* GifLoader.swift */ = {isa = PBXFileReference; lastKnownFileType = sourcecode.swift; path = GifLoader.swift; sourceTree = "<group>"; };
		E6B11B9E2B1412D900EA5B46 /* fire-51.gif */ = {isa = PBXFileReference; lastKnownFileType = image.gif; name = "fire-51.gif"; path = "../../../../Downloads/fire-51.gif"; sourceTree = "<group>"; };
		E6B11BA02B14181F00EA5B46 /* ViewController2.swift */ = {isa = PBXFileReference; lastKnownFileType = sourcecode.swift; path = ViewController2.swift; sourceTree = "<group>"; };
		E6B11BA22B14197400EA5B46 /* fire-102.gif */ = {isa = PBXFileReference; lastKnownFileType = image.gif; path = "fire-102.gif"; sourceTree = "<group>"; };
/* End PBXFileReference section */

/* Begin PBXFrameworksBuildPhase section */
		E68CB13A2B028A3000C4811F /* Frameworks */ = {
			isa = PBXFrameworksBuildPhase;
			buildActionMask = 2147483647;
			files = (
			);
			runOnlyForDeploymentPostprocessing = 0;
		};
/* End PBXFrameworksBuildPhase section */

/* Begin PBXGroup section */
		E68CB1342B028A3000C4811F = {
			isa = PBXGroup;
			children = (
				E68CB13F2B028A3000C4811F /* 2023_11_13_appSuperGame1 */,
				E68CB13E2B028A3000C4811F /* Products */,
			);
			sourceTree = "<group>";
		};
		E68CB13E2B028A3000C4811F /* Products */ = {
			isa = PBXGroup;
			children = (
				E68CB13D2B028A3000C4811F /* 2023_11_13_appSuperGame1.app */,
			);
			name = Products;
			sourceTree = "<group>";
		};
		E68CB13F2B028A3000C4811F /* 2023_11_13_appSuperGame1 */ = {
			isa = PBXGroup;
			children = (
				E6B11B9E2B1412D900EA5B46 /* fire-51.gif */,
				E6B11BA22B14197400EA5B46 /* fire-102.gif */,
				E68CB1402B028A3000C4811F /* AppDelegate.swift */,
				E68CB1422B028A3000C4811F /* SceneDelegate.swift */,
				E68CB1442B028A3000C4811F /* ViewController.swift */,
				E6B11BA02B14181F00EA5B46 /* ViewController2.swift */,
				E68CB1462B028A3000C4811F /* Main.storyboard */,
				E68CB1492B028A3200C4811F /* Assets.xcassets */,
				E6B11B9A2B140EB200EA5B46 /* GifLoader.swift */,
				E68CB14B2B028A3200C4811F /* LaunchScreen.storyboard */,
				E68CB14E2B028A3200C4811F /* Info.plist */,
			);
			path = 2023_11_13_appSuperGame1;
			sourceTree = "<group>";
		};
/* End PBXGroup section */

/* Begin PBXNativeTarget section */
		E68CB13C2B028A3000C4811F /* 2023_11_13_appSuperGame1 */ = {
			isa = PBXNativeTarget;
			buildConfigurationList = E68CB1512B028A3200C4811F /* Build configuration list for PBXNativeTarget "2023_11_13_appSuperGame1" */;
			buildPhases = (
				E68CB1392B028A3000C4811F /* Sources */,
				E68CB13A2B028A3000C4811F /* Frameworks */,
				E68CB13B2B028A3000C4811F /* Resources */,
			);
			buildRules = (
			);
			dependencies = (
			);
			name = 2023_11_13_appSuperGame1;
			productName = 2023_11_13_appSuperGame1;
			productReference = E68CB13D2B028A3000C4811F /* 2023_11_13_appSuperGame1.app */;
			productType = "com.apple.product-type.application";
		};
/* End PBXNativeTarget section */

/* Begin PBXProject section */
		E68CB1352B028A3000C4811F /* Project object */ = {
			isa = PBXProject;
			attributes = {
				BuildIndependentTargetsInParallel = 1;
				LastSwiftUpdateCheck = 1500;
				LastUpgradeCheck = 1500;
				TargetAttributes = {
					E68CB13C2B028A3000C4811F = {
						CreatedOnToolsVersion = 15.0;
					};
				};
			};
			buildConfigurationList = E68CB1382B028A3000C4811F /* Build configuration list for PBXProject "2023_11_13_appSuperGame1" */;
			compatibilityVersion = "Xcode 14.0";
			developmentRegion = en;
			hasScannedForEncodings = 0;
			knownRegions = (
				en,
				Base,
			);
			mainGroup = E68CB1342B028A3000C4811F;
			productRefGroup = E68CB13E2B028A3000C4811F /* Products */;
			projectDirPath = "";
			projectRoot = "";
			targets = (
				E68CB13C2B028A3000C4811F /* 2023_11_13_appSuperGame1 */,
			);
		};
/* End PBXProject section */

/* Begin PBXResourcesBuildPhase section */
		E68CB13B2B028A3000C4811F /* Resources */ = {
			isa = PBXResourcesBuildPhase;
			buildActionMask = 2147483647;
			files = (
				E6B11B9F2B1412D900EA5B46 /* fire-51.gif in Resources */,
				E6B11BA32B14197400EA5B46 /* fire-102.gif in Resources */,
				E68CB14D2B028A3200C4811F /* LaunchScreen.storyboard in Resources */,
				E68CB14A2B028A3200C4811F /* Assets.xcassets in Resources */,
				E68CB1482B028A3000C4811F /* Main.storyboard in Resources */,
			);
			runOnlyForDeploymentPostprocessing = 0;
		};
/* End PBXResourcesBuildPhase section */

/* Begin PBXSourcesBuildPhase section */
		E68CB1392B028A3000C4811F /* Sources */ = {
			isa = PBXSourcesBuildPhase;
			buildActionMask = 2147483647;
			files = (
				E6B11BA12B14181F00EA5B46 /* ViewController2.swift in Sources */,
				E68CB1452B028A3000C4811F /* ViewController.swift in Sources */,
				E68CB1412B028A3000C4811F /* AppDelegate.swift in Sources */,
				E68CB1432B028A3000C4811F /* SceneDelegate.swift in Sources */,
				E6B11B9B2B140EB200EA5B46 /* GifLoader.swift in Sources */,
			);
			runOnlyForDeploymentPostprocessing = 0;
		};
/* End PBXSourcesBuildPhase section */

/* Begin PBXVariantGroup section */
		E68CB1462B028A3000C4811F /* Main.storyboard */ = {
			isa = PBXVariantGroup;
			children = (
				E68CB1472B028A3000C4811F /* Base */,
			);
			name = Main.storyboard;
			sourceTree = "<group>";
		};
		E68CB14B2B028A3200C4811F /* LaunchScreen.storyboard */ = {
			isa = PBXVariantGroup;
			children = (
				E68CB14C2B028A3200C4811F /* Base */,
			);
			name = LaunchScreen.storyboard;
			sourceTree = "<group>";
		};
/* End PBXVariantGroup section */

/* Begin XCBuildConfiguration section */
		E68CB14F2B028A3200C4811F /* Debug */ = {
			isa = XCBuildConfiguration;
			buildSettings = {
				ALWAYS_SEARCH_USER_PATHS = NO;
				ASSETCATALOG_COMPILER_GENERATE_SWIFT_ASSET_SYMBOL_EXTENSIONS = YES;
				CLANG_ANALYZER_NONNULL = YES;
				CLANG_ANALYZER_NUMBER_OBJECT_CONVERSION = YES_AGGRESSIVE;
				CLANG_CXX_LANGUAGE_STANDARD = "gnu++20";
				CLANG_ENABLE_MODULES = YES;
				CLANG_ENABLE_OBJC_ARC = YES;
				CLANG_ENABLE_OBJC_WEAK = YES;
				CLANG_WARN_BLOCK_CAPTURE_AUTORELEASING = YES;
				CLANG_WARN_BOOL_CONVERSION = YES;
				CLANG_WARN_COMMA = YES;
				CLANG_WARN_CONSTANT_CONVERSION = YES;
				CLANG_WARN_DEPRECATED_OBJC_IMPLEMENTATIONS = YES;
				CLANG_WARN_DIRECT_OBJC_ISA_USAGE = YES_ERROR;
				CLANG_WARN_DOCUMENTATION_COMMENTS = YES;
				CLANG_WARN_EMPTY_BODY = YES;
				CLANG_WARN_ENUM_CONVERSION = YES;
				CLANG_WARN_INFINITE_RECURSION = YES;
				CLANG_WARN_INT_CONVERSION = YES;
				CLANG_WARN_NON_LITERAL_NULL_CONVERSION = YES;
				CLANG_WARN_OBJC_IMPLICIT_RETAIN_SELF = YES;
				CLANG_WARN_OBJC_LITERAL_CONVERSION = YES;
				CLANG_WARN_OBJC_ROOT_CLASS = YES_ERROR;
				CLANG_WARN_QUOTED_INCLUDE_IN_FRAMEWORK_HEADER = YES;
				CLANG_WARN_RANGE_LOOP_ANALYSIS = YES;
				CLANG_WARN_STRICT_PROTOTYPES = YES;
				CLANG_WARN_SUSPICIOUS_MOVE = YES;
				CLANG_WARN_UNGUARDED_AVAILABILITY = YES_AGGRESSIVE;
				CLANG_WARN_UNREACHABLE_CODE = YES;
				CLANG_WARN__DUPLICATE_METHOD_MATCH = YES;
				COPY_PHASE_STRIP = NO;
				DEBUG_INFORMATION_FORMAT = dwarf;
				ENABLE_STRICT_OBJC_MSGSEND = YES;
				ENABLE_TESTABILITY = YES;
				ENABLE_USER_SCRIPT_SANDBOXING = YES;
				GCC_C_LANGUAGE_STANDARD = gnu17;
				GCC_DYNAMIC_NO_PIC = NO;
				GCC_NO_COMMON_BLOCKS = YES;
				GCC_OPTIMIZATION_LEVEL = 0;
				GCC_PREPROCESSOR_DEFINITIONS = (
					"DEBUG=1",
					"$(inherited)",
				);
				GCC_WARN_64_TO_32_BIT_CONVERSION = YES;
				GCC_WARN_ABOUT_RETURN_TYPE = YES_ERROR;
				GCC_WARN_UNDECLARED_SELECTOR = YES;
				GCC_WARN_UNINITIALIZED_AUTOS = YES_AGGRESSIVE;
				GCC_WARN_UNUSED_FUNCTION = YES;
				GCC_WARN_UNUSED_VARIABLE = YES;
				IPHONEOS_DEPLOYMENT_TARGET = 17.0;
				LOCALIZATION_PREFERS_STRING_CATALOGS = YES;
				MTL_ENABLE_DEBUG_INFO = INCLUDE_SOURCE;
				MTL_FAST_MATH = YES;
				ONLY_ACTIVE_ARCH = YES;
				SDKROOT = iphoneos;
				SWIFT_ACTIVE_COMPILATION_CONDITIONS = "DEBUG $(inherited)";
				SWIFT_OPTIMIZATION_LEVEL = "-Onone";
			};
			name = Debug;
		};
		E68CB1502B028A3200C4811F /* Release */ = {
			isa = XCBuildConfiguration;
			buildSettings = {
				ALWAYS_SEARCH_USER_PATHS = NO;
				ASSETCATALOG_COMPILER_GENERATE_SWIFT_ASSET_SYMBOL_EXTENSIONS = YES;
				CLANG_ANALYZER_NONNULL = YES;
				CLANG_ANALYZER_NUMBER_OBJECT_CONVERSION = YES_AGGRESSIVE;
				CLANG_CXX_LANGUAGE_STANDARD = "gnu++20";
				CLANG_ENABLE_MODULES = YES;
				CLANG_ENABLE_OBJC_ARC = YES;
				CLANG_ENABLE_OBJC_WEAK = YES;
				CLANG_WARN_BLOCK_CAPTURE_AUTORELEASING = YES;
				CLANG_WARN_BOOL_CONVERSION = YES;
				CLANG_WARN_COMMA = YES;
				CLANG_WARN_CONSTANT_CONVERSION = YES;
				CLANG_WARN_DEPRECATED_OBJC_IMPLEMENTATIONS = YES;
				CLANG_WARN_DIRECT_OBJC_ISA_USAGE = YES_ERROR;
				CLANG_WARN_DOCUMENTATION_COMMENTS = YES;
				CLANG_WARN_EMPTY_BODY = YES;
				CLANG_WARN_ENUM_CONVERSION = YES;
				CLANG_WARN_INFINITE_RECURSION = YES;
				CLANG_WARN_INT_CONVERSION = YES;
				CLANG_WARN_NON_LITERAL_NULL_CONVERSION = YES;
				CLANG_WARN_OBJC_IMPLICIT_RETAIN_SELF = YES;
				CLANG_WARN_OBJC_LITERAL_CONVERSION = YES;
				CLANG_WARN_OBJC_ROOT_CLASS = YES_ERROR;
				CLANG_WARN_QUOTED_INCLUDE_IN_FRAMEWORK_HEADER = YES;
				CLANG_WARN_RANGE_LOOP_ANALYSIS = YES;
				CLANG_WARN_STRICT_PROTOTYPES = YES;
				CLANG_WARN_SUSPICIOUS_MOVE = YES;
				CLANG_WARN_UNGUARDED_AVAILABILITY = YES_AGGRESSIVE;
				CLANG_WARN_UNREACHABLE_CODE = YES;
				CLANG_WARN__DUPLICATE_METHOD_MATCH = YES;
				COPY_PHASE_STRIP = NO;
				DEBUG_INFORMATION_FORMAT = "dwarf-with-dsym";
				ENABLE_NS_ASSERTIONS = NO;
				ENABLE_STRICT_OBJC_MSGSEND = YES;
				ENABLE_USER_SCRIPT_SANDBOXING = YES;
				GCC_C_LANGUAGE_STANDARD = gnu17;
				GCC_NO_COMMON_BLOCKS = YES;
				GCC_WARN_64_TO_32_BIT_CONVERSION = YES;
				GCC_WARN_ABOUT_RETURN_TYPE = YES_ERROR;
				GCC_WARN_UNDECLARED_SELECTOR = YES;
				GCC_WARN_UNINITIALIZED_AUTOS = YES_AGGRESSIVE;
				GCC_WARN_UNUSED_FUNCTION = YES;
				GCC_WARN_UNUSED_VARIABLE = YES;
				IPHONEOS_DEPLOYMENT_TARGET = 17.0;
				LOCALIZATION_PREFERS_STRING_CATALOGS = YES;
				MTL_ENABLE_DEBUG_INFO = NO;
				MTL_FAST_MATH = YES;
				SDKROOT = iphoneos;
				SWIFT_COMPILATION_MODE = wholemodule;
				VALIDATE_PRODUCT = YES;
			};
			name = Release;
		};
		E68CB1522B028A3200C4811F /* Debug */ = {
			isa = XCBuildConfiguration;
			buildSettings = {
				ASSETCATALOG_COMPILER_APPICON_NAME = AppIcon;
				ASSETCATALOG_COMPILER_GLOBAL_ACCENT_COLOR_NAME = AccentColor;
				CODE_SIGN_STYLE = Automatic;
				CURRENT_PROJECT_VERSION = 1;
				DEVELOPMENT_TEAM = TNV8BGLF66;
				GENERATE_INFOPLIST_FILE = YES;
				INFOPLIST_FILE = 2023_11_13_appSuperGame1/Info.plist;
				INFOPLIST_KEY_UIApplicationSupportsIndirectInputEvents = YES;
				INFOPLIST_KEY_UILaunchStoryboardName = LaunchScreen;
				INFOPLIST_KEY_UIMainStoryboardFile = Main;
				INFOPLIST_KEY_UISupportedInterfaceOrientations_iPad = "UIInterfaceOrientationPortrait UIInterfaceOrientationPortraitUpsideDown UIInterfaceOrientationLandscapeLeft UIInterfaceOrientationLandscapeRight";
				INFOPLIST_KEY_UISupportedInterfaceOrientations_iPhone = "UIInterfaceOrientationPortrait UIInterfaceOrientationLandscapeLeft UIInterfaceOrientationLandscapeRight";
				LD_RUNPATH_SEARCH_PATHS = (
					"$(inherited)",
					"@executable_path/Frameworks",
				);
				MARKETING_VERSION = 1.0;
				PRODUCT_BUNDLE_IDENTIFIER = "teclaguna.-023-11-13-appSuperGame1";
				PRODUCT_NAME = "$(TARGET_NAME)";
				SWIFT_EMIT_LOC_STRINGS = YES;
				SWIFT_VERSION = 5.0;
				TARGETED_DEVICE_FAMILY = "1,2";
			};
			name = Debug;
		};
		E68CB1532B028A3200C4811F /* Release */ = {
			isa = XCBuildConfiguration;
			buildSettings = {
				ASSETCATALOG_COMPILER_APPICON_NAME = AppIcon;
				ASSETCATALOG_COMPILER_GLOBAL_ACCENT_COLOR_NAME = AccentColor;
				CODE_SIGN_STYLE = Automatic;
				CURRENT_PROJECT_VERSION = 1;
				DEVELOPMENT_TEAM = TNV8BGLF66;
				GENERATE_INFOPLIST_FILE = YES;
				INFOPLIST_FILE = 2023_11_13_appSuperGame1/Info.plist;
				INFOPLIST_KEY_UIApplicationSupportsIndirectInputEvents = YES;
				INFOPLIST_KEY_UILaunchStoryboardName = LaunchScreen;
				INFOPLIST_KEY_UIMainStoryboardFile = Main;
				INFOPLIST_KEY_UISupportedInterfaceOrientations_iPad = "UIInterfaceOrientationPortrait UIInterfaceOrientationPortraitUpsideDown UIInterfaceOrientationLandscapeLeft UIInterfaceOrientationLandscapeRight";
				INFOPLIST_KEY_UISupportedInterfaceOrientations_iPhone = "UIInterfaceOrientationPortrait UIInterfaceOrientationLandscapeLeft UIInterfaceOrientationLandscapeRight";
				LD_RUNPATH_SEARCH_PATHS = (
					"$(inherited)",
					"@executable_path/Frameworks",
				);
				MARKETING_VERSION = 1.0;
				PRODUCT_BUNDLE_IDENTIFIER = "teclaguna.-023-11-13-appSuperGame1";
				PRODUCT_NAME = "$(TARGET_NAME)";
				SWIFT_EMIT_LOC_STRINGS = YES;
				SWIFT_VERSION = 5.0;
				TARGETED_DEVICE_FAMILY = "1,2";
			};
			name = Release;
		};
/* End XCBuildConfiguration section */

/* Begin XCConfigurationList section */
		E68CB1382B028A3000C4811F /* Build configuration list for PBXProject "2023_11_13_appSuperGame1" */ = {
			isa = XCConfigurationList;
			buildConfigurations = (
				E68CB14F2B028A3200C4811F /* Debug */,
				E68CB1502B028A3200C4811F /* Release */,
			);
			defaultConfigurationIsVisible = 0;
			defaultConfigurationName = Release;
		};
		E68CB1512B028A3200C4811F /* Build configuration list for PBXNativeTarget "2023_11_13_appSuperGame1" */ = {
			isa = XCConfigurationList;
			buildConfigurations = (
				E68CB1522B028A3200C4811F /* Debug */,
				E68CB1532B028A3200C4811F /* Release */,
			);
			defaultConfigurationIsVisible = 0;
			defaultConfigurationName = Release;
		};
/* End XCConfigurationList section */
	};
	rootObject = E68CB1352B028A3000C4811F /* Project object */;
}
